
Microsoft Visual Studio Solution File, Format Version 12.00
# Visual Studio Version 16
VisualStudioVersion = 16.0.31112.23
MinimumVisualStudioVersion = 10.0.40219.1
Project("{FAE04EC0-301F-11D3-BF4B-00C04F79EFBC}") = "day4", "day4\day4.csproj", "{A15CF7FC-DB64-4FBA-925B-3E030E70B0A5}"
EndProject
Global
	GlobalSection(SolutionConfigurationPlatforms) = preSolution
		Debug|Any CPU = Debug|Any CPU
		Release|Any CPU = Release|Any CPU
	EndGlobalSection
	GlobalSection(ProjectConfigurationPlatforms) = postSolution
		{A15CF7FC-DB64-4FBA-925B-3E030E70B0A5}.Debug|Any CPU.ActiveCfg = Debug|Any CPU
		{A15CF7FC-DB64-4FBA-925B-3E030E70B0A5}.Debug|Any CPU.Build.0 = Debug|Any CPU
		{A15CF7FC-DB64-4FBA-925B-3E030E70B0A5}.Release|Any CPU.ActiveCfg = Release|Any CPU
		{A15CF7FC-DB64-4FBA-925B-3E030E70B0A5}.Release|Any CPU.Build.0 = Release|Any CPU
	EndGlobalSection
	GlobalSection(SolutionProperties) = preSolution
		HideSolutionNode = FALSE
	EndGlobalSection
	GlobalSection(ExtensibilityGlobals) = postSolution
		SolutionGuid = {1D78BC4F-E31C-41AD-A7F2-2BF9B5B3794D}
	EndGlobalSection
EndGlobal
